
Microsoft Visual Studio Solution File, Format Version 12.00
# Visual Studio Version 16
VisualStudioVersion = 16.0.31005.135
MinimumVisualStudioVersion = 10.0.40219.1
Project("{FAE04EC0-301F-11D3-BF4B-00C04F79EFBC}") = "SchoolRecord", "SchoolRecord\SchoolRecord.csproj", "{21F732F6-EC82-4DBE-BC80-CE2211A796E9}"
EndProject
Global
	GlobalSection(SolutionConfigurationPlatforms) = preSolution
		Debug|Any CPU = Debug|Any CPU
		Release|Any CPU = Release|Any CPU
	EndGlobalSection
	GlobalSection(ProjectConfigurationPlatforms) = postSolution
		{21F732F6-EC82-4DBE-BC80-CE2211A796E9}.Debug|Any CPU.ActiveCfg = Debug|Any CPU
		{21F732F6-EC82-4DBE-BC80-CE2211A796E9}.Debug|Any CPU.Build.0 = Debug|Any CPU
		{21F732F6-EC82-4DBE-BC80-CE2211A796E9}.Release|Any CPU.ActiveCfg = Release|Any CPU
		{21F732F6-EC82-4DBE-BC80-CE2211A796E9}.Release|Any CPU.Build.0 = Release|Any CPU
	EndGlobalSection
	GlobalSection(SolutionProperties) = preSolution
		HideSolutionNode = FALSE
	EndGlobalSection
	GlobalSection(ExtensibilityGlobals) = postSolution
		SolutionGuid = {3299FCF4-CD7B-4F78-A449-447839CBC49C}
	EndGlobalSection
EndGlobal
